
Microsoft Visual Studio Solution File, Format Version 12.00
# Visual Studio Version 17
VisualStudioVersion = 17.1.32319.34
MinimumVisualStudioVersion = 10.0.40219.1
Project("{FAE04EC0-301F-11D3-BF4B-00C04F79EFBC}") = "prova djalma exercicio 2", "prova djalma exercicio 2.csproj", "{0B2E1A4C-1344-492F-836A-FE909B0FE293}"
EndProject
Global
	GlobalSection(SolutionConfigurationPlatforms) = preSolution
		Debug|Any CPU = Debug|Any CPU
		Release|Any CPU = Release|Any CPU
	EndGlobalSection
	GlobalSection(ProjectConfigurationPlatforms) = postSolution
		{0B2E1A4C-1344-492F-836A-FE909B0FE293}.Debug|Any CPU.ActiveCfg = Debug|Any CPU
		{0B2E1A4C-1344-492F-836A-FE909B0FE293}.Debug|Any CPU.Build.0 = Debug|Any CPU
		{0B2E1A4C-1344-492F-836A-FE909B0FE293}.Release|Any CPU.ActiveCfg = Release|Any CPU
		{0B2E1A4C-1344-492F-836A-FE909B0FE293}.Release|Any CPU.Build.0 = Release|Any CPU
	EndGlobalSection
	GlobalSection(SolutionProperties) = preSolution
		HideSolutionNode = FALSE
	EndGlobalSection
	GlobalSection(ExtensibilityGlobals) = postSolution
		SolutionGuid = {901C3F1D-4B14-41B7-A8E5-6A5A750F314B}
	EndGlobalSection
EndGlobal
